// !$*UTF8*$!
{
	archiveVersion = 1;
	classes = {
	};
	objectVersion = 56;
	objects = {

/* Begin PBXBuildFile section */
		CA7924762B63C42500EA32A9 /* RiskLessApp.swift in Sources */ = {isa = PBXBuildFile; fileRef = CA7924752B63C42500EA32A9 /* RiskLessApp.swift */; };
		CA7924782B63C42500EA32A9 /* ContentView.swift in Sources */ = {isa = PBXBuildFile; fileRef = CA7924772B63C42500EA32A9 /* ContentView.swift */; };
		CA79247A2B63C42700EA32A9 /* Assets.xcassets in Resources */ = {isa = PBXBuildFile; fileRef = CA7924792B63C42700EA32A9 /* Assets.xcassets */; };
		CA79247D2B63C42700EA32A9 /* Preview Assets.xcassets in Resources */ = {isa = PBXBuildFile; fileRef = CA79247C2B63C42700EA32A9 /* Preview Assets.xcassets */; };
		CA7924862B63D3FE00EA32A9 /* Utils.swift in Sources */ = {isa = PBXBuildFile; fileRef = CA7924852B63D3FE00EA32A9 /* Utils.swift */; };
		CA7924892B63D89D00EA32A9 /* AuthView.swift in Sources */ = {isa = PBXBuildFile; fileRef = CA7924882B63D89D00EA32A9 /* AuthView.swift */; };
		CA79248B2B63D8E400EA32A9 /* AuthViewModel.swift in Sources */ = {isa = PBXBuildFile; fileRef = CA79248A2B63D8E400EA32A9 /* AuthViewModel.swift */; };
		CA79248D2B63D94B00EA32A9 /* CustomTab+Navigation.swift in Sources */ = {isa = PBXBuildFile; fileRef = CA79248C2B63D94B00EA32A9 /* CustomTab+Navigation.swift */; };
		CA79248F2B63DD4000EA32A9 /* SignInView.swift in Sources */ = {isa = PBXBuildFile; fileRef = CA79248E2B63DD4000EA32A9 /* SignInView.swift */; };
		CA7DBC822B64C749007E2B41 /* DetailsView.swift in Sources */ = {isa = PBXBuildFile; fileRef = CA7DBC812B64C749007E2B41 /* DetailsView.swift */; };
		CA7DBC842B64C754007E2B41 /* DetailsViewModel.swift in Sources */ = {isa = PBXBuildFile; fileRef = CA7DBC832B64C754007E2B41 /* DetailsViewModel.swift */; };
		CA7DBC872B64E43B007E2B41 /* NetworkManager.swift in Sources */ = {isa = PBXBuildFile; fileRef = CA7DBC862B64E43B007E2B41 /* NetworkManager.swift */; };
		CA7DBC8B2B65003A007E2B41 /* Organization.swift in Sources */ = {isa = PBXBuildFile; fileRef = CA7DBC8A2B65003A007E2B41 /* Organization.swift */; };
		CA7DBC8E2B651585007E2B41 /* PaywallView.swift in Sources */ = {isa = PBXBuildFile; fileRef = CA7DBC8D2B651585007E2B41 /* PaywallView.swift */; };
		CA7DBC902B65158E007E2B41 /* PaywallViewModel.swift in Sources */ = {isa = PBXBuildFile; fileRef = CA7DBC8F2B65158E007E2B41 /* PaywallViewModel.swift */; };
		CA7DBC932B651798007E2B41 /* StoreKit.framework in Frameworks */ = {isa = PBXBuildFile; fileRef = CA7DBC922B651798007E2B41 /* StoreKit.framework */; };
		CA7DBC952B6518F6007E2B41 /* Products.storekit in Resources */ = {isa = PBXBuildFile; fileRef = CA7DBC942B6518F6007E2B41 /* Products.storekit */; };
		CA7DBC972B651942007E2B41 /* Products.plist in Resources */ = {isa = PBXBuildFile; fileRef = CA7DBC962B651942007E2B41 /* Products.plist */; };
		CAAA325A2B63FF9E00469D32 /* NavigationViewModel.swift in Sources */ = {isa = PBXBuildFile; fileRef = CAAA32592B63FF9E00469D32 /* NavigationViewModel.swift */; };
		CAAA325D2B64089800469D32 /* HomeView.swift in Sources */ = {isa = PBXBuildFile; fileRef = CAAA325C2B64089800469D32 /* HomeView.swift */; };
		CAAA32602B6408AB00469D32 /* FavoritesView.swift in Sources */ = {isa = PBXBuildFile; fileRef = CAAA325F2B6408AB00469D32 /* FavoritesView.swift */; };
		CAAA32632B6408B500469D32 /* ProfileView.swift in Sources */ = {isa = PBXBuildFile; fileRef = CAAA32622B6408B500469D32 /* ProfileView.swift */; };
		CAAA32662B64109500469D32 /* QuizView.swift in Sources */ = {isa = PBXBuildFile; fileRef = CAAA32652B64109500469D32 /* QuizView.swift */; };
		CAAA32682B6410DD00469D32 /* QuizViewModel.swift in Sources */ = {isa = PBXBuildFile; fileRef = CAAA32672B6410DD00469D32 /* QuizViewModel.swift */; };
		CAAA326A2B64276800469D32 /* HomeViewModel.swift in Sources */ = {isa = PBXBuildFile; fileRef = CAAA32692B64276800469D32 /* HomeViewModel.swift */; };
		CAAA326C2B64278500469D32 /* FavoritesViewModel.swift in Sources */ = {isa = PBXBuildFile; fileRef = CAAA326B2B64278500469D32 /* FavoritesViewModel.swift */; };
		CAAA326E2B64279300469D32 /* ProfileViewModel.swift in Sources */ = {isa = PBXBuildFile; fileRef = CAAA326D2B64279300469D32 /* ProfileViewModel.swift */; };
		CAAA32712B643EA700469D32 /* CategoriesViewModel.swift in Sources */ = {isa = PBXBuildFile; fileRef = CAAA32702B643EA700469D32 /* CategoriesViewModel.swift */; };
		CAAA32732B643EC800469D32 /* CategoriesView.swift in Sources */ = {isa = PBXBuildFile; fileRef = CAAA32722B643EC800469D32 /* CategoriesView.swift */; };
/* End PBXBuildFile section */

/* Begin PBXFileReference section */
		CA7924722B63C42500EA32A9 /* RiskLess.app */ = {isa = PBXFileReference; explicitFileType = wrapper.application; includeInIndex = 0; path = RiskLess.app; sourceTree = BUILT_PRODUCTS_DIR; };
		CA7924752B63C42500EA32A9 /* RiskLessApp.swift */ = {isa = PBXFileReference; lastKnownFileType = sourcecode.swift; path = RiskLessApp.swift; sourceTree = "<group>"; };
		CA7924772B63C42500EA32A9 /* ContentView.swift */ = {isa = PBXFileReference; lastKnownFileType = sourcecode.swift; path = ContentView.swift; sourceTree = "<group>"; };
		CA7924792B63C42700EA32A9 /* Assets.xcassets */ = {isa = PBXFileReference; lastKnownFileType = folder.assetcatalog; path = Assets.xcassets; sourceTree = "<group>"; };
		CA79247C2B63C42700EA32A9 /* Preview Assets.xcassets */ = {isa = PBXFileReference; lastKnownFileType = folder.assetcatalog; path = "Preview Assets.xcassets"; sourceTree = "<group>"; };
		CA7924852B63D3FE00EA32A9 /* Utils.swift */ = {isa = PBXFileReference; lastKnownFileType = sourcecode.swift; path = Utils.swift; sourceTree = "<group>"; };
		CA7924882B63D89D00EA32A9 /* AuthView.swift */ = {isa = PBXFileReference; lastKnownFileType = sourcecode.swift; path = AuthView.swift; sourceTree = "<group>"; };
		CA79248A2B63D8E400EA32A9 /* AuthViewModel.swift */ = {isa = PBXFileReference; lastKnownFileType = sourcecode.swift; path = AuthViewModel.swift; sourceTree = "<group>"; };
		CA79248C2B63D94B00EA32A9 /* CustomTab+Navigation.swift */ = {isa = PBXFileReference; lastKnownFileType = sourcecode.swift; path = "CustomTab+Navigation.swift"; sourceTree = "<group>"; };
		CA79248E2B63DD4000EA32A9 /* SignInView.swift */ = {isa = PBXFileReference; lastKnownFileType = sourcecode.swift; path = SignInView.swift; sourceTree = "<group>"; };
		CA7DBC812B64C749007E2B41 /* DetailsView.swift */ = {isa = PBXFileReference; lastKnownFileType = sourcecode.swift; path = DetailsView.swift; sourceTree = "<group>"; };
		CA7DBC832B64C754007E2B41 /* DetailsViewModel.swift */ = {isa = PBXFileReference; lastKnownFileType = sourcecode.swift; path = DetailsViewModel.swift; sourceTree = "<group>"; };
		CA7DBC862B64E43B007E2B41 /* NetworkManager.swift */ = {isa = PBXFileReference; lastKnownFileType = sourcecode.swift; path = NetworkManager.swift; sourceTree = "<group>"; };
		CA7DBC8A2B65003A007E2B41 /* Organization.swift */ = {isa = PBXFileReference; lastKnownFileType = sourcecode.swift; path = Organization.swift; sourceTree = "<group>"; };
		CA7DBC8D2B651585007E2B41 /* PaywallView.swift */ = {isa = PBXFileReference; lastKnownFileType = sourcecode.swift; path = PaywallView.swift; sourceTree = "<group>"; };
		CA7DBC8F2B65158E007E2B41 /* PaywallViewModel.swift */ = {isa = PBXFileReference; lastKnownFileType = sourcecode.swift; path = PaywallViewModel.swift; sourceTree = "<group>"; };
		CA7DBC922B651798007E2B41 /* StoreKit.framework */ = {isa = PBXFileReference; lastKnownFileType = wrapper.framework; name = StoreKit.framework; path = System/Library/Frameworks/StoreKit.framework; sourceTree = SDKROOT; };
		CA7DBC942B6518F6007E2B41 /* Products.storekit */ = {isa = PBXFileReference; lastKnownFileType = text; path = Products.storekit; sourceTree = "<group>"; };
		CA7DBC962B651942007E2B41 /* Products.plist */ = {isa = PBXFileReference; lastKnownFileType = text.plist.xml; path = Products.plist; sourceTree = "<group>"; };
		CAAA32592B63FF9E00469D32 /* NavigationViewModel.swift */ = {isa = PBXFileReference; lastKnownFileType = sourcecode.swift; path = NavigationViewModel.swift; sourceTree = "<group>"; };
		CAAA325C2B64089800469D32 /* HomeView.swift */ = {isa = PBXFileReference; lastKnownFileType = sourcecode.swift; path = HomeView.swift; sourceTree = "<group>"; };
		CAAA325F2B6408AB00469D32 /* FavoritesView.swift */ = {isa = PBXFileReference; lastKnownFileType = sourcecode.swift; path = FavoritesView.swift; sourceTree = "<group>"; };
		CAAA32622B6408B500469D32 /* ProfileView.swift */ = {isa = PBXFileReference; lastKnownFileType = sourcecode.swift; path = ProfileView.swift; sourceTree = "<group>"; };
		CAAA32652B64109500469D32 /* QuizView.swift */ = {isa = PBXFileReference; lastKnownFileType = sourcecode.swift; path = QuizView.swift; sourceTree = "<group>"; };
		CAAA32672B6410DD00469D32 /* QuizViewModel.swift */ = {isa = PBXFileReference; lastKnownFileType = sourcecode.swift; path = QuizViewModel.swift; sourceTree = "<group>"; };
		CAAA32692B64276800469D32 /* HomeViewModel.swift */ = {isa = PBXFileReference; lastKnownFileType = sourcecode.swift; path = HomeViewModel.swift; sourceTree = "<group>"; };
		CAAA326B2B64278500469D32 /* FavoritesViewModel.swift */ = {isa = PBXFileReference; lastKnownFileType = sourcecode.swift; path = FavoritesViewModel.swift; sourceTree = "<group>"; };
		CAAA326D2B64279300469D32 /* ProfileViewModel.swift */ = {isa = PBXFileReference; lastKnownFileType = sourcecode.swift; path = ProfileViewModel.swift; sourceTree = "<group>"; };
		CAAA32702B643EA700469D32 /* CategoriesViewModel.swift */ = {isa = PBXFileReference; lastKnownFileType = sourcecode.swift; path = CategoriesViewModel.swift; sourceTree = "<group>"; };
		CAAA32722B643EC800469D32 /* CategoriesView.swift */ = {isa = PBXFileReference; lastKnownFileType = sourcecode.swift; path = CategoriesView.swift; sourceTree = "<group>"; };
/* End PBXFileReference section */

/* Begin PBXFrameworksBuildPhase section */
		CA79246F2B63C42500EA32A9 /* Frameworks */ = {
			isa = PBXFrameworksBuildPhase;
			buildActionMask = 2147483647;
			files = (
				CA7DBC932B651798007E2B41 /* StoreKit.framework in Frameworks */,
			);
			runOnlyForDeploymentPostprocessing = 0;
		};
/* End PBXFrameworksBuildPhase section */

/* Begin PBXGroup section */
		CA7924692B63C42500EA32A9 = {
			isa = PBXGroup;
			children = (
				CA7924742B63C42500EA32A9 /* RiskLess */,
				CA7924732B63C42500EA32A9 /* Products */,
				CA7DBC912B651798007E2B41 /* Frameworks */,
			);
			sourceTree = "<group>";
		};
		CA7924732B63C42500EA32A9 /* Products */ = {
			isa = PBXGroup;
			children = (
				CA7924722B63C42500EA32A9 /* RiskLess.app */,
			);
			name = Products;
			sourceTree = "<group>";
		};
		CA7924742B63C42500EA32A9 /* RiskLess */ = {
			isa = PBXGroup;
			children = (
				CA7924752B63C42500EA32A9 /* RiskLessApp.swift */,
				CA7924772B63C42500EA32A9 /* ContentView.swift */,
				CA7DBC962B651942007E2B41 /* Products.plist */,
				CA7DBC942B6518F6007E2B41 /* Products.storekit */,
				CA7DBC8C2B651578007E2B41 /* Paywall */,
				CA7DBC892B64FFE8007E2B41 /* Organization */,
				CA7DBC852B64E42F007E2B41 /* Network */,
				CA7DBC802B64C73C007E2B41 /* Details */,
				CAAA326F2B643E9400469D32 /* Categories */,
				CAAA32612B6408AD00469D32 /* Profile */,
				CAAA325E2B6408A000469D32 /* Favorites */,
				CAAA325B2B64088C00469D32 /* Home */,
				CAAA32642B64108D00469D32 /* Quiz */,
				CA7924872B63D88800EA32A9 /* Authentication */,
				CA7924842B63D3F300EA32A9 /* Utils */,
				CA7924832B63D3E700EA32A9 /* Navigation */,
				CA7924792B63C42700EA32A9 /* Assets.xcassets */,
				CA79247B2B63C42700EA32A9 /* Preview Content */,
			);
			path = RiskLess;
			sourceTree = "<group>";
		};
		CA79247B2B63C42700EA32A9 /* Preview Content */ = {
			isa = PBXGroup;
			children = (
				CA79247C2B63C42700EA32A9 /* Preview Assets.xcassets */,
			);
			path = "Preview Content";
			sourceTree = "<group>";
		};
		CA7924832B63D3E700EA32A9 /* Navigation */ = {
			isa = PBXGroup;
			children = (
				CA79248C2B63D94B00EA32A9 /* CustomTab+Navigation.swift */,
				CAAA32592B63FF9E00469D32 /* NavigationViewModel.swift */,
			);
			path = Navigation;
			sourceTree = "<group>";
		};
		CA7924842B63D3F300EA32A9 /* Utils */ = {
			isa = PBXGroup;
			children = (
				CA7924852B63D3FE00EA32A9 /* Utils.swift */,
			);
			path = Utils;
			sourceTree = "<group>";
		};
		CA7924872B63D88800EA32A9 /* Authentication */ = {
			isa = PBXGroup;
			children = (
				CA7924882B63D89D00EA32A9 /* AuthView.swift */,
				CA79248E2B63DD4000EA32A9 /* SignInView.swift */,
				CA79248A2B63D8E400EA32A9 /* AuthViewModel.swift */,
			);
			path = Authentication;
			sourceTree = "<group>";
		};
		CA7DBC802B64C73C007E2B41 /* Details */ = {
			isa = PBXGroup;
			children = (
				CA7DBC812B64C749007E2B41 /* DetailsView.swift */,
				CA7DBC832B64C754007E2B41 /* DetailsViewModel.swift */,
			);
			path = Details;
			sourceTree = "<group>";
		};
		CA7DBC852B64E42F007E2B41 /* Network */ = {
			isa = PBXGroup;
			children = (
				CA7DBC862B64E43B007E2B41 /* NetworkManager.swift */,
			);
			path = Network;
			sourceTree = "<group>";
		};
		CA7DBC892B64FFE8007E2B41 /* Organization */ = {
			isa = PBXGroup;
			children = (
				CA7DBC8A2B65003A007E2B41 /* Organization.swift */,
			);
			path = Organization;
			sourceTree = "<group>";
		};
		CA7DBC8C2B651578007E2B41 /* Paywall */ = {
			isa = PBXGroup;
			children = (
				CA7DBC8D2B651585007E2B41 /* PaywallView.swift */,
				CA7DBC8F2B65158E007E2B41 /* PaywallViewModel.swift */,
			);
			path = Paywall;
			sourceTree = "<group>";
		};
		CA7DBC912B651798007E2B41 /* Frameworks */ = {
			isa = PBXGroup;
			children = (
				CA7DBC922B651798007E2B41 /* StoreKit.framework */,
			);
			name = Frameworks;
			sourceTree = "<group>";
		};
		CAAA325B2B64088C00469D32 /* Home */ = {
			isa = PBXGroup;
			children = (
				CAAA325C2B64089800469D32 /* HomeView.swift */,
				CAAA32692B64276800469D32 /* HomeViewModel.swift */,
			);
			path = Home;
			sourceTree = "<group>";
		};
		CAAA325E2B6408A000469D32 /* Favorites */ = {
			isa = PBXGroup;
			children = (
				CAAA325F2B6408AB00469D32 /* FavoritesView.swift */,
				CAAA326B2B64278500469D32 /* FavoritesViewModel.swift */,
			);
			path = Favorites;
			sourceTree = "<group>";
		};
		CAAA32612B6408AD00469D32 /* Profile */ = {
			isa = PBXGroup;
			children = (
				CAAA32622B6408B500469D32 /* ProfileView.swift */,
				CAAA326D2B64279300469D32 /* ProfileViewModel.swift */,
			);
			path = Profile;
			sourceTree = "<group>";
		};
		CAAA32642B64108D00469D32 /* Quiz */ = {
			isa = PBXGroup;
			children = (
				CAAA32652B64109500469D32 /* QuizView.swift */,
				CAAA32672B6410DD00469D32 /* QuizViewModel.swift */,
			);
			path = Quiz;
			sourceTree = "<group>";
		};
		CAAA326F2B643E9400469D32 /* Categories */ = {
			isa = PBXGroup;
			children = (
				CAAA32722B643EC800469D32 /* CategoriesView.swift */,
				CAAA32702B643EA700469D32 /* CategoriesViewModel.swift */,
			);
			path = Categories;
			sourceTree = "<group>";
		};
/* End PBXGroup section */

/* Begin PBXNativeTarget section */
		CA7924712B63C42500EA32A9 /* RiskLess */ = {
			isa = PBXNativeTarget;
			buildConfigurationList = CA7924802B63C42700EA32A9 /* Build configuration list for PBXNativeTarget "RiskLess" */;
			buildPhases = (
				CA79246E2B63C42500EA32A9 /* Sources */,
				CA79246F2B63C42500EA32A9 /* Frameworks */,
				CA7924702B63C42500EA32A9 /* Resources */,
			);
			buildRules = (
			);
			dependencies = (
			);
			name = RiskLess;
			productName = RiskLess;
			productReference = CA7924722B63C42500EA32A9 /* RiskLess.app */;
			productType = "com.apple.product-type.application";
		};
/* End PBXNativeTarget section */

/* Begin PBXProject section */
		CA79246A2B63C42500EA32A9 /* Project object */ = {
			isa = PBXProject;
			attributes = {
				BuildIndependentTargetsInParallel = 1;
				LastSwiftUpdateCheck = 1520;
				LastUpgradeCheck = 1520;
				TargetAttributes = {
					CA7924712B63C42500EA32A9 = {
						CreatedOnToolsVersion = 15.2;
					};
				};
			};
			buildConfigurationList = CA79246D2B63C42500EA32A9 /* Build configuration list for PBXProject "RiskLess" */;
			compatibilityVersion = "Xcode 14.0";
			developmentRegion = en;
			hasScannedForEncodings = 0;
			knownRegions = (
				en,
				Base,
			);
			mainGroup = CA7924692B63C42500EA32A9;
			productRefGroup = CA7924732B63C42500EA32A9 /* Products */;
			projectDirPath = "";
			projectRoot = "";
			targets = (
				CA7924712B63C42500EA32A9 /* RiskLess */,
			);
		};
/* End PBXProject section */

/* Begin PBXResourcesBuildPhase section */
		CA7924702B63C42500EA32A9 /* Resources */ = {
			isa = PBXResourcesBuildPhase;
			buildActionMask = 2147483647;
			files = (
				CA7DBC972B651942007E2B41 /* Products.plist in Resources */,
				CA79247D2B63C42700EA32A9 /* Preview Assets.xcassets in Resources */,
				CA7DBC952B6518F6007E2B41 /* Products.storekit in Resources */,
				CA79247A2B63C42700EA32A9 /* Assets.xcassets in Resources */,
			);
			runOnlyForDeploymentPostprocessing = 0;
		};
/* End PBXResourcesBuildPhase section */

/* Begin PBXSourcesBuildPhase section */
		CA79246E2B63C42500EA32A9 /* Sources */ = {
			isa = PBXSourcesBuildPhase;
			buildActionMask = 2147483647;
			files = (
				CAAA326C2B64278500469D32 /* FavoritesViewModel.swift in Sources */,
				CA7DBC822B64C749007E2B41 /* DetailsView.swift in Sources */,
				CA7DBC8B2B65003A007E2B41 /* Organization.swift in Sources */,
				CAAA32602B6408AB00469D32 /* FavoritesView.swift in Sources */,
				CA7DBC872B64E43B007E2B41 /* NetworkManager.swift in Sources */,
				CAAA325D2B64089800469D32 /* HomeView.swift in Sources */,
				CAAA325A2B63FF9E00469D32 /* NavigationViewModel.swift in Sources */,
				CA79248D2B63D94B00EA32A9 /* CustomTab+Navigation.swift in Sources */,
				CA79248F2B63DD4000EA32A9 /* SignInView.swift in Sources */,
				CA7DBC842B64C754007E2B41 /* DetailsViewModel.swift in Sources */,
				CAAA32662B64109500469D32 /* QuizView.swift in Sources */,
				CA7DBC8E2B651585007E2B41 /* PaywallView.swift in Sources */,
				CA79248B2B63D8E400EA32A9 /* AuthViewModel.swift in Sources */,
				CA7924782B63C42500EA32A9 /* ContentView.swift in Sources */,
				CA7924762B63C42500EA32A9 /* RiskLessApp.swift in Sources */,
				CAAA32712B643EA700469D32 /* CategoriesViewModel.swift in Sources */,
				CAAA326A2B64276800469D32 /* HomeViewModel.swift in Sources */,
				CA7924892B63D89D00EA32A9 /* AuthView.swift in Sources */,
				CAAA32632B6408B500469D32 /* ProfileView.swift in Sources */,
				CAAA32732B643EC800469D32 /* CategoriesView.swift in Sources */,
				CA7924862B63D3FE00EA32A9 /* Utils.swift in Sources */,
				CAAA326E2B64279300469D32 /* ProfileViewModel.swift in Sources */,
				CAAA32682B6410DD00469D32 /* QuizViewModel.swift in Sources */,
				CA7DBC902B65158E007E2B41 /* PaywallViewModel.swift in Sources */,
			);
			runOnlyForDeploymentPostprocessing = 0;
		};
/* End PBXSourcesBuildPhase section */

/* Begin XCBuildConfiguration section */
		CA79247E2B63C42700EA32A9 /* Debug */ = {
			isa = XCBuildConfiguration;
			buildSettings = {
				ALWAYS_SEARCH_USER_PATHS = NO;
				ASSETCATALOG_COMPILER_GENERATE_SWIFT_ASSET_SYMBOL_EXTENSIONS = YES;
				CLANG_ANALYZER_NONNULL = YES;
				CLANG_ANALYZER_NUMBER_OBJECT_CONVERSION = YES_AGGRESSIVE;
				CLANG_CXX_LANGUAGE_STANDARD = "gnu++20";
				CLANG_ENABLE_MODULES = YES;
				CLANG_ENABLE_OBJC_ARC = YES;
				CLANG_ENABLE_OBJC_WEAK = YES;
				CLANG_WARN_BLOCK_CAPTURE_AUTORELEASING = YES;
				CLANG_WARN_BOOL_CONVERSION = YES;
				CLANG_WARN_COMMA = YES;
				CLANG_WARN_CONSTANT_CONVERSION = YES;
				CLANG_WARN_DEPRECATED_OBJC_IMPLEMENTATIONS = YES;
				CLANG_WARN_DIRECT_OBJC_ISA_USAGE = YES_ERROR;
				CLANG_WARN_DOCUMENTATION_COMMENTS = YES;
				CLANG_WARN_EMPTY_BODY = YES;
				CLANG_WARN_ENUM_CONVERSION = YES;
				CLANG_WARN_INFINITE_RECURSION = YES;
				CLANG_WARN_INT_CONVERSION = YES;
				CLANG_WARN_NON_LITERAL_NULL_CONVERSION = YES;
				CLANG_WARN_OBJC_IMPLICIT_RETAIN_SELF = YES;
				CLANG_WARN_OBJC_LITERAL_CONVERSION = YES;
				CLANG_WARN_OBJC_ROOT_CLASS = YES_ERROR;
				CLANG_WARN_QUOTED_INCLUDE_IN_FRAMEWORK_HEADER = YES;
				CLANG_WARN_RANGE_LOOP_ANALYSIS = YES;
				CLANG_WARN_STRICT_PROTOTYPES = YES;
				CLANG_WARN_SUSPICIOUS_MOVE = YES;
				CLANG_WARN_UNGUARDED_AVAILABILITY = YES_AGGRESSIVE;
				CLANG_WARN_UNREACHABLE_CODE = YES;
				CLANG_WARN__DUPLICATE_METHOD_MATCH = YES;
				COPY_PHASE_STRIP = NO;
				DEBUG_INFORMATION_FORMAT = dwarf;
				ENABLE_STRICT_OBJC_MSGSEND = YES;
				ENABLE_TESTABILITY = YES;
				ENABLE_USER_SCRIPT_SANDBOXING = YES;
				GCC_C_LANGUAGE_STANDARD = gnu17;
				GCC_DYNAMIC_NO_PIC = NO;
				GCC_NO_COMMON_BLOCKS = YES;
				GCC_OPTIMIZATION_LEVEL = 0;
				GCC_PREPROCESSOR_DEFINITIONS = (
					"DEBUG=1",
					"$(inherited)",
				);
				GCC_WARN_64_TO_32_BIT_CONVERSION = YES;
				GCC_WARN_ABOUT_RETURN_TYPE = YES_ERROR;
				GCC_WARN_UNDECLARED_SELECTOR = YES;
				GCC_WARN_UNINITIALIZED_AUTOS = YES_AGGRESSIVE;
				GCC_WARN_UNUSED_FUNCTION = YES;
				GCC_WARN_UNUSED_VARIABLE = YES;
				IPHONEOS_DEPLOYMENT_TARGET = 17.2;
				LOCALIZATION_PREFERS_STRING_CATALOGS = YES;
				MTL_ENABLE_DEBUG_INFO = INCLUDE_SOURCE;
				MTL_FAST_MATH = YES;
				ONLY_ACTIVE_ARCH = YES;
				SDKROOT = iphoneos;
				SWIFT_ACTIVE_COMPILATION_CONDITIONS = "DEBUG $(inherited)";
				SWIFT_OPTIMIZATION_LEVEL = "-Onone";
			};
			name = Debug;
		};
		CA79247F2B63C42700EA32A9 /* Release */ = {
			isa = XCBuildConfiguration;
			buildSettings = {
				ALWAYS_SEARCH_USER_PATHS = NO;
				ASSETCATALOG_COMPILER_GENERATE_SWIFT_ASSET_SYMBOL_EXTENSIONS = YES;
				CLANG_ANALYZER_NONNULL = YES;
				CLANG_ANALYZER_NUMBER_OBJECT_CONVERSION = YES_AGGRESSIVE;
				CLANG_CXX_LANGUAGE_STANDARD = "gnu++20";
				CLANG_ENABLE_MODULES = YES;
				CLANG_ENABLE_OBJC_ARC = YES;
				CLANG_ENABLE_OBJC_WEAK = YES;
				CLANG_WARN_BLOCK_CAPTURE_AUTORELEASING = YES;
				CLANG_WARN_BOOL_CONVERSION = YES;
				CLANG_WARN_COMMA = YES;
				CLANG_WARN_CONSTANT_CONVERSION = YES;
				CLANG_WARN_DEPRECATED_OBJC_IMPLEMENTATIONS = YES;
				CLANG_WARN_DIRECT_OBJC_ISA_USAGE = YES_ERROR;
				CLANG_WARN_DOCUMENTATION_COMMENTS = YES;
				CLANG_WARN_EMPTY_BODY = YES;
				CLANG_WARN_ENUM_CONVERSION = YES;
				CLANG_WARN_INFINITE_RECURSION = YES;
				CLANG_WARN_INT_CONVERSION = YES;
				CLANG_WARN_NON_LITERAL_NULL_CONVERSION = YES;
				CLANG_WARN_OBJC_IMPLICIT_RETAIN_SELF = YES;
				CLANG_WARN_OBJC_LITERAL_CONVERSION = YES;
				CLANG_WARN_OBJC_ROOT_CLASS = YES_ERROR;
				CLANG_WARN_QUOTED_INCLUDE_IN_FRAMEWORK_HEADER = YES;
				CLANG_WARN_RANGE_LOOP_ANALYSIS = YES;
				CLANG_WARN_STRICT_PROTOTYPES = YES;
				CLANG_WARN_SUSPICIOUS_MOVE = YES;
				CLANG_WARN_UNGUARDED_AVAILABILITY = YES_AGGRESSIVE;
				CLANG_WARN_UNREACHABLE_CODE = YES;
				CLANG_WARN__DUPLICATE_METHOD_MATCH = YES;
				COPY_PHASE_STRIP = NO;
				DEBUG_INFORMATION_FORMAT = "dwarf-with-dsym";
				ENABLE_NS_ASSERTIONS = NO;
				ENABLE_STRICT_OBJC_MSGSEND = YES;
				ENABLE_USER_SCRIPT_SANDBOXING = YES;
				GCC_C_LANGUAGE_STANDARD = gnu17;
				GCC_NO_COMMON_BLOCKS = YES;
				GCC_WARN_64_TO_32_BIT_CONVERSION = YES;
				GCC_WARN_ABOUT_RETURN_TYPE = YES_ERROR;
				GCC_WARN_UNDECLARED_SELECTOR = YES;
				GCC_WARN_UNINITIALIZED_AUTOS = YES_AGGRESSIVE;
				GCC_WARN_UNUSED_FUNCTION = YES;
				GCC_WARN_UNUSED_VARIABLE = YES;
				IPHONEOS_DEPLOYMENT_TARGET = 17.2;
				LOCALIZATION_PREFERS_STRING_CATALOGS = YES;
				MTL_ENABLE_DEBUG_INFO = NO;
				MTL_FAST_MATH = YES;
				SDKROOT = iphoneos;
				SWIFT_COMPILATION_MODE = wholemodule;
				VALIDATE_PRODUCT = YES;
			};
			name = Release;
		};
		CA7924812B63C42700EA32A9 /* Debug */ = {
			isa = XCBuildConfiguration;
			buildSettings = {
				ASSETCATALOG_COMPILER_APPICON_NAME = AppIcon;
				ASSETCATALOG_COMPILER_GLOBAL_ACCENT_COLOR_NAME = AccentColor;
				CODE_SIGN_STYLE = Automatic;
				CURRENT_PROJECT_VERSION = 1;
				DEVELOPMENT_ASSET_PATHS = "\"RiskLess/Preview Content\"";
				DEVELOPMENT_TEAM = F3SX4NC8FR;
				ENABLE_PREVIEWS = YES;
				GENERATE_INFOPLIST_FILE = YES;
				INFOPLIST_KEY_UIApplicationSceneManifest_Generation = YES;
				INFOPLIST_KEY_UIApplicationSupportsIndirectInputEvents = YES;
				INFOPLIST_KEY_UILaunchScreen_Generation = YES;
				INFOPLIST_KEY_UISupportedInterfaceOrientations_iPad = "UIInterfaceOrientationPortrait UIInterfaceOrientationPortraitUpsideDown UIInterfaceOrientationLandscapeLeft UIInterfaceOrientationLandscapeRight";
				INFOPLIST_KEY_UISupportedInterfaceOrientations_iPhone = "UIInterfaceOrientationPortrait UIInterfaceOrientationLandscapeLeft UIInterfaceOrientationLandscapeRight";
				IPHONEOS_DEPLOYMENT_TARGET = 16.0;
				LD_RUNPATH_SEARCH_PATHS = (
					"$(inherited)",
					"@executable_path/Frameworks",
				);
				MARKETING_VERSION = 1.0;
				PRODUCT_BUNDLE_IDENTIFIER = com.swiftdiary.RiskLess;
				PRODUCT_NAME = "$(TARGET_NAME)";
				SUPPORTED_PLATFORMS = "iphoneos iphonesimulator";
				SUPPORTS_MACCATALYST = NO;
				SUPPORTS_MAC_DESIGNED_FOR_IPHONE_IPAD = NO;
				SUPPORTS_XR_DESIGNED_FOR_IPHONE_IPAD = NO;
				SWIFT_EMIT_LOC_STRINGS = YES;
				SWIFT_VERSION = 5.0;
				TARGETED_DEVICE_FAMILY = 1;
			};
			name = Debug;
		};
		CA7924822B63C42700EA32A9 /* Release */ = {
			isa = XCBuildConfiguration;
			buildSettings = {
				ASSETCATALOG_COMPILER_APPICON_NAME = AppIcon;
				ASSETCATALOG_COMPILER_GLOBAL_ACCENT_COLOR_NAME = AccentColor;
				CODE_SIGN_STYLE = Automatic;
				CURRENT_PROJECT_VERSION = 1;
				DEVELOPMENT_ASSET_PATHS = "\"RiskLess/Preview Content\"";
				DEVELOPMENT_TEAM = F3SX4NC8FR;
				ENABLE_PREVIEWS = YES;
				GENERATE_INFOPLIST_FILE = YES;
				INFOPLIST_KEY_UIApplicationSceneManifest_Generation = YES;
				INFOPLIST_KEY_UIApplicationSupportsIndirectInputEvents = YES;
				INFOPLIST_KEY_UILaunchScreen_Generation = YES;
				INFOPLIST_KEY_UISupportedInterfaceOrientations_iPad = "UIInterfaceOrientationPortrait UIInterfaceOrientationPortraitUpsideDown UIInterfaceOrientationLandscapeLeft UIInterfaceOrientationLandscapeRight";
				INFOPLIST_KEY_UISupportedInterfaceOrientations_iPhone = "UIInterfaceOrientationPortrait UIInterfaceOrientationLandscapeLeft UIInterfaceOrientationLandscapeRight";
				IPHONEOS_DEPLOYMENT_TARGET = 16.0;
				LD_RUNPATH_SEARCH_PATHS = (
					"$(inherited)",
					"@executable_path/Frameworks",
				);
				MARKETING_VERSION = 1.0;
				PRODUCT_BUNDLE_IDENTIFIER = com.swiftdiary.RiskLess;
				PRODUCT_NAME = "$(TARGET_NAME)";
				SUPPORTED_PLATFORMS = "iphoneos iphonesimulator";
				SUPPORTS_MACCATALYST = NO;
				SUPPORTS_MAC_DESIGNED_FOR_IPHONE_IPAD = NO;
				SUPPORTS_XR_DESIGNED_FOR_IPHONE_IPAD = NO;
				SWIFT_EMIT_LOC_STRINGS = YES;
				SWIFT_VERSION = 5.0;
				TARGETED_DEVICE_FAMILY = 1;
			};
			name = Release;
		};
/* End XCBuildConfiguration section */

/* Begin XCConfigurationList section */
		CA79246D2B63C42500EA32A9 /* Build configuration list for PBXProject "RiskLess" */ = {
			isa = XCConfigurationList;
			buildConfigurations = (
				CA79247E2B63C42700EA32A9 /* Debug */,
				CA79247F2B63C42700EA32A9 /* Release */,
			);
			defaultConfigurationIsVisible = 0;
			defaultConfigurationName = Release;
		};
		CA7924802B63C42700EA32A9 /* Build configuration list for PBXNativeTarget "RiskLess" */ = {
			isa = XCConfigurationList;
			buildConfigurations = (
				CA7924812B63C42700EA32A9 /* Debug */,
				CA7924822B63C42700EA32A9 /* Release */,
			);
			defaultConfigurationIsVisible = 0;
			defaultConfigurationName = Release;
		};
/* End XCConfigurationList section */
	};
	rootObject = CA79246A2B63C42500EA32A9 /* Project object */;
}
